// !$*UTF8*$!
{
	archiveVersion = 1;
	classes = {
	};
	objectVersion = 46;
	objects = {

/* Begin PBXBuildFile section */
		AC11FDD21E2FD4E1009FC8EF /* UserDefaultsConstants.swift in Sources */ = {isa = PBXBuildFile; fileRef = AC11FDD11E2FD4E1009FC8EF /* UserDefaultsConstants.swift */; };
		AC13999B1DEE843000B0034D /* beta.png in Resources */ = {isa = PBXBuildFile; fileRef = AC13999A1DEE843000B0034D /* beta.png */; };
		AC1BB9AD1E9DF653000110F3 /* ProductIDs.plist in Resources */ = {isa = PBXBuildFile; fileRef = AC1BB9AC1E9DF653000110F3 /* ProductIDs.plist */; };
		AC1FBBE31F00F4FC00F5E390 /* RenewViewController.swift in Sources */ = {isa = PBXBuildFile; fileRef = ACBC58211E9CA4D100D73D45 /* RenewViewController.swift */; };
		AC1FBBE41F00F4FC00F5E390 /* UserDefaultsConstants.swift in Sources */ = {isa = PBXBuildFile; fileRef = AC11FDD11E2FD4E1009FC8EF /* UserDefaultsConstants.swift */; };
		AC1FBBE51F00F4FC00F5E390 /* FirstViewController.swift in Sources */ = {isa = PBXBuildFile; fileRef = ACE20B081D97F4FA001B4F34 /* FirstViewController.swift */; };
		AC1FBBE61F00F4FC00F5E390 /* PurchaseObserver.swift in Sources */ = {isa = PBXBuildFile; fileRef = AC2FAAA71E963476001DF67C /* PurchaseObserver.swift */; };
		AC1FBBE71F00F4FC00F5E390 /* SecondViewController.swift in Sources */ = {isa = PBXBuildFile; fileRef = ACE20ADC1D97EF00001B4F34 /* SecondViewController.swift */; };
		AC1FBBE81F00F4FC00F5E390 /* FirstTableViewCell.swift in Sources */ = {isa = PBXBuildFile; fileRef = ACD7AB2F1DB0BDE900AA7B3F /* FirstTableViewCell.swift */; };
		AC1FBBE91F00F4FC00F5E390 /* AppDelegate.swift in Sources */ = {isa = PBXBuildFile; fileRef = ACE20AD81D97EF00001B4F34 /* AppDelegate.swift */; };
		AC1FBBEB1F00F4FC00F5E390 /* Alamofire.framework in Frameworks */ = {isa = PBXBuildFile; fileRef = AC7C203A1E1B8C0000FD46C9 /* Alamofire.framework */; };
		AC1FBBEC1F00F4FC00F5E390 /* StoreKit.framework in Frameworks */ = {isa = PBXBuildFile; fileRef = ACBC58241E9CB3D300D73D45 /* StoreKit.framework */; };
		AC1FBBEE1F00F4FC00F5E390 /* Cartfile in Resources */ = {isa = PBXBuildFile; fileRef = AC4F9C1F1EE791BD00FCCF06 /* Cartfile */; };
		AC1FBBEF1F00F4FC00F5E390 /* FirstTableViewCell.xib in Resources */ = {isa = PBXBuildFile; fileRef = ACD7AB301DB0BDE900AA7B3F /* FirstTableViewCell.xib */; };
		AC1FBBF01F00F4FC00F5E390 /* ProductIDs.plist in Resources */ = {isa = PBXBuildFile; fileRef = AC1BB9AC1E9DF653000110F3 /* ProductIDs.plist */; };
		AC1FBBF11F00F4FC00F5E390 /* beta.png in Resources */ = {isa = PBXBuildFile; fileRef = AC13999A1DEE843000B0034D /* beta.png */; };
		AC1FBBF21F00F4FC00F5E390 /* LaunchScreen.storyboard in Resources */ = {isa = PBXBuildFile; fileRef = ACE20AE31D97EF00001B4F34 /* LaunchScreen.storyboard */; };
		AC1FBBF31F00F4FC00F5E390 /* Assets.xcassets in Resources */ = {isa = PBXBuildFile; fileRef = ACE20AE11D97EF00001B4F34 /* Assets.xcassets */; };
		AC1FBBF41F00F4FC00F5E390 /* Main.storyboard in Resources */ = {isa = PBXBuildFile; fileRef = ACE20ADE1D97EF00001B4F34 /* Main.storyboard */; };
		AC1FBBF61F00F4FC00F5E390 /* ToadyExtension.appex in Embed App Extensions */ = {isa = PBXBuildFile; fileRef = ACBC73221DBDB47100151040 /* ToadyExtension.appex */; settings = {ATTRIBUTES = (RemoveHeadersOnCopy, ); }; };
		AC2FAAA81E963476001DF67C /* PurchaseObserver.swift in Sources */ = {isa = PBXBuildFile; fileRef = AC2FAAA71E963476001DF67C /* PurchaseObserver.swift */; };
		AC4F9C211EE791BD00FCCF06 /* Cartfile in Resources */ = {isa = PBXBuildFile; fileRef = AC4F9C1F1EE791BD00FCCF06 /* Cartfile */; };
		AC7C203B1E1B8C0100FD46C9 /* Alamofire.framework in Frameworks */ = {isa = PBXBuildFile; fileRef = AC7C203A1E1B8C0000FD46C9 /* Alamofire.framework */; };
		ACBC58221E9CA4D100D73D45 /* RenewViewController.swift in Sources */ = {isa = PBXBuildFile; fileRef = ACBC58211E9CA4D100D73D45 /* RenewViewController.swift */; };
		ACBC58251E9CB3D300D73D45 /* StoreKit.framework in Frameworks */ = {isa = PBXBuildFile; fileRef = ACBC58241E9CB3D300D73D45 /* StoreKit.framework */; };
		ACBC73251DBDB47100151040 /* NotificationCenter.framework in Frameworks */ = {isa = PBXBuildFile; fileRef = ACBC73241DBDB47100151040 /* NotificationCenter.framework */; };
		ACBC73281DBDB47100151040 /* TodayViewController.swift in Sources */ = {isa = PBXBuildFile; fileRef = ACBC73271DBDB47100151040 /* TodayViewController.swift */; };
		ACBC732B1DBDB47100151040 /* MainInterface.storyboard in Resources */ = {isa = PBXBuildFile; fileRef = ACBC73291DBDB47100151040 /* MainInterface.storyboard */; };
		ACBC732F1DBDB47100151040 /* ToadyExtension.appex in Embed App Extensions */ = {isa = PBXBuildFile; fileRef = ACBC73221DBDB47100151040 /* ToadyExtension.appex */; settings = {ATTRIBUTES = (RemoveHeadersOnCopy, ); }; };
		ACD7AB311DB0BDE900AA7B3F /* FirstTableViewCell.swift in Sources */ = {isa = PBXBuildFile; fileRef = ACD7AB2F1DB0BDE900AA7B3F /* FirstTableViewCell.swift */; };
		ACD7AB321DB0BDE900AA7B3F /* FirstTableViewCell.xib in Resources */ = {isa = PBXBuildFile; fileRef = ACD7AB301DB0BDE900AA7B3F /* FirstTableViewCell.xib */; };
		ACE20AD91D97EF00001B4F34 /* AppDelegate.swift in Sources */ = {isa = PBXBuildFile; fileRef = ACE20AD81D97EF00001B4F34 /* AppDelegate.swift */; };
		ACE20ADD1D97EF00001B4F34 /* SecondViewController.swift in Sources */ = {isa = PBXBuildFile; fileRef = ACE20ADC1D97EF00001B4F34 /* SecondViewController.swift */; };
		ACE20AE01D97EF00001B4F34 /* Main.storyboard in Resources */ = {isa = PBXBuildFile; fileRef = ACE20ADE1D97EF00001B4F34 /* Main.storyboard */; };
		ACE20AE21D97EF00001B4F34 /* Assets.xcassets in Resources */ = {isa = PBXBuildFile; fileRef = ACE20AE11D97EF00001B4F34 /* Assets.xcassets */; };
		ACE20AE51D97EF00001B4F34 /* LaunchScreen.storyboard in Resources */ = {isa = PBXBuildFile; fileRef = ACE20AE31D97EF00001B4F34 /* LaunchScreen.storyboard */; };
		ACE20AF01D97EF00001B4F34 /* FLyingSnailTests.swift in Sources */ = {isa = PBXBuildFile; fileRef = ACE20AEF1D97EF00001B4F34 /* FLyingSnailTests.swift */; };
		ACE20AFB1D97EF00001B4F34 /* FLyingSnailUITests.swift in Sources */ = {isa = PBXBuildFile; fileRef = ACE20AFA1D97EF00001B4F34 /* FLyingSnailUITests.swift */; };
		ACE20B091D97F4FA001B4F34 /* FirstViewController.swift in Sources */ = {isa = PBXBuildFile; fileRef = ACE20B081D97F4FA001B4F34 /* FirstViewController.swift */; };
/* End PBXBuildFile section */

/* Begin PBXContainerItemProxy section */
		AC1FBBE11F00F4FC00F5E390 /* PBXContainerItemProxy */ = {
			isa = PBXContainerItemProxy;
			containerPortal = ACE20ACD1D97EF00001B4F34 /* Project object */;
			proxyType = 1;
			remoteGlobalIDString = ACBC73211DBDB47100151040;
			remoteInfo = ToadyExtension;
		};
		ACBC732D1DBDB47100151040 /* PBXContainerItemProxy */ = {
			isa = PBXContainerItemProxy;
			containerPortal = ACE20ACD1D97EF00001B4F34 /* Project object */;
			proxyType = 1;
			remoteGlobalIDString = ACBC73211DBDB47100151040;
			remoteInfo = ToadyExtension;
		};
		ACE20AEC1D97EF00001B4F34 /* PBXContainerItemProxy */ = {
			isa = PBXContainerItemProxy;
			containerPortal = ACE20ACD1D97EF00001B4F34 /* Project object */;
			proxyType = 1;
			remoteGlobalIDString = ACE20AD41D97EF00001B4F34;
			remoteInfo = FLyingSnail;
		};
		ACE20AF71D97EF00001B4F34 /* PBXContainerItemProxy */ = {
			isa = PBXContainerItemProxy;
			containerPortal = ACE20ACD1D97EF00001B4F34 /* Project object */;
			proxyType = 1;
			remoteGlobalIDString = ACE20AD41D97EF00001B4F34;
			remoteInfo = FLyingSnail;
		};
/* End PBXContainerItemProxy section */

/* Begin PBXCopyFilesBuildPhase section */
		AC1FBBF51F00F4FC00F5E390 /* Embed App Extensions */ = {
			isa = PBXCopyFilesBuildPhase;
			buildActionMask = 2147483647;
			dstPath = "";
			dstSubfolderSpec = 13;
			files = (
				AC1FBBF61F00F4FC00F5E390 /* ToadyExtension.appex in Embed App Extensions */,
			);
			name = "Embed App Extensions";
			runOnlyForDeploymentPostprocessing = 0;
		};
		ACBC73341DBDB47100151040 /* Embed App Extensions */ = {
			isa = PBXCopyFilesBuildPhase;
			buildActionMask = 2147483647;
			dstPath = "";
			dstSubfolderSpec = 13;
			files = (
				ACBC732F1DBDB47100151040 /* ToadyExtension.appex in Embed App Extensions */,
			);
			name = "Embed App Extensions";
			runOnlyForDeploymentPostprocessing = 0;
		};
/* End PBXCopyFilesBuildPhase section */

/* Begin PBXFileReference section */
		AC0E94B91E1F4BDE00A8C76C /* ActionViewController.swift */ = {isa = PBXFileReference; lastKnownFileType = sourcecode.swift; path = ActionViewController.swift; sourceTree = "<group>"; };
		AC0E94BC1E1F4BDE00A8C76C /* Base */ = {isa = PBXFileReference; lastKnownFileType = file.storyboard; name = Base; path = Base.lproj/MainInterface.storyboard; sourceTree = "<group>"; };
		AC0E94BE1E1F4BDE00A8C76C /* Info.plist */ = {isa = PBXFileReference; lastKnownFileType = text.plist.xml; path = Info.plist; sourceTree = "<group>"; };
		AC11FDD11E2FD4E1009FC8EF /* UserDefaultsConstants.swift */ = {isa = PBXFileReference; fileEncoding = 4; lastKnownFileType = sourcecode.swift; path = UserDefaultsConstants.swift; sourceTree = "<group>"; };
		AC13999A1DEE843000B0034D /* beta.png */ = {isa = PBXFileReference; lastKnownFileType = image.png; path = beta.png; sourceTree = "<group>"; };
		AC1BB9AC1E9DF653000110F3 /* ProductIDs.plist */ = {isa = PBXFileReference; fileEncoding = 4; lastKnownFileType = text.plist.xml; path = ProductIDs.plist; sourceTree = "<group>"; };
		AC1FBBFF1F00F4FC00F5E390 /* FLyingSnail_Dev.app */ = {isa = PBXFileReference; explicitFileType = wrapper.application; includeInIndex = 0; path = FLyingSnail_Dev.app; sourceTree = BUILT_PRODUCTS_DIR; };
		AC1FBC001F00F4FC00F5E390 /* FLyingSnail copy-Info.plist */ = {isa = PBXFileReference; lastKnownFileType = text.plist.xml; name = "FLyingSnail copy-Info.plist"; path = "/Users/zhangxiaolian/Desktop/My Demo/FLyingSnail/FLyingSnail copy-Info.plist"; sourceTree = "<absolute>"; };
		AC2FAAA71E963476001DF67C /* PurchaseObserver.swift */ = {isa = PBXFileReference; fileEncoding = 4; lastKnownFileType = sourcecode.swift; name = PurchaseObserver.swift; path = Purchase/PurchaseObserver.swift; sourceTree = "<group>"; };
		AC4F9C1F1EE791BD00FCCF06 /* Cartfile */ = {isa = PBXFileReference; fileEncoding = 4; lastKnownFileType = text; path = Cartfile; sourceTree = "<group>"; };
		AC4F9C231EE791EF00FCCF06 /* Cartfile.resolved */ = {isa = PBXFileReference; lastKnownFileType = text; path = Cartfile.resolved; sourceTree = SOURCE_ROOT; };
		AC7C203A1E1B8C0000FD46C9 /* Alamofire.framework */ = {isa = PBXFileReference; lastKnownFileType = wrapper.framework; name = Alamofire.framework; path = Carthage/Build/iOS/Alamofire.framework; sourceTree = "<group>"; };
		ACBC58211E9CA4D100D73D45 /* RenewViewController.swift */ = {isa = PBXFileReference; fileEncoding = 4; lastKnownFileType = sourcecode.swift; path = RenewViewController.swift; sourceTree = "<group>"; };
		ACBC58241E9CB3D300D73D45 /* StoreKit.framework */ = {isa = PBXFileReference; lastKnownFileType = wrapper.framework; name = StoreKit.framework; path = System/Library/Frameworks/StoreKit.framework; sourceTree = SDKROOT; };
		ACBC73221DBDB47100151040 /* ToadyExtension.appex */ = {isa = PBXFileReference; explicitFileType = "wrapper.app-extension"; includeInIndex = 0; path = ToadyExtension.appex; sourceTree = BUILT_PRODUCTS_DIR; };
		ACBC73241DBDB47100151040 /* NotificationCenter.framework */ = {isa = PBXFileReference; lastKnownFileType = wrapper.framework; name = NotificationCenter.framework; path = System/Library/Frameworks/NotificationCenter.framework; sourceTree = SDKROOT; };
		ACBC73271DBDB47100151040 /* TodayViewController.swift */ = {isa = PBXFileReference; lastKnownFileType = sourcecode.swift; path = TodayViewController.swift; sourceTree = "<group>"; };
		ACBC732A1DBDB47100151040 /* Base */ = {isa = PBXFileReference; lastKnownFileType = file.storyboard; name = Base; path = Base.lproj/MainInterface.storyboard; sourceTree = "<group>"; };
		ACBC732C1DBDB47100151040 /* Info.plist */ = {isa = PBXFileReference; lastKnownFileType = text.plist.xml; path = Info.plist; sourceTree = "<group>"; };
		ACD7AB2F1DB0BDE900AA7B3F /* FirstTableViewCell.swift */ = {isa = PBXFileReference; fileEncoding = 4; lastKnownFileType = sourcecode.swift; path = FirstTableViewCell.swift; sourceTree = "<group>"; };
		ACD7AB301DB0BDE900AA7B3F /* FirstTableViewCell.xib */ = {isa = PBXFileReference; fileEncoding = 4; lastKnownFileType = file.xib; path = FirstTableViewCell.xib; sourceTree = "<group>"; };
		ACE20AD51D97EF00001B4F34 /* FLyingSnail.app */ = {isa = PBXFileReference; explicitFileType = wrapper.application; includeInIndex = 0; path = FLyingSnail.app; sourceTree = BUILT_PRODUCTS_DIR; };
		ACE20AD81D97EF00001B4F34 /* AppDelegate.swift */ = {isa = PBXFileReference; lastKnownFileType = sourcecode.swift; path = AppDelegate.swift; sourceTree = "<group>"; };
		ACE20ADC1D97EF00001B4F34 /* SecondViewController.swift */ = {isa = PBXFileReference; lastKnownFileType = sourcecode.swift; path = SecondViewController.swift; sourceTree = "<group>"; };
		ACE20ADF1D97EF00001B4F34 /* Base */ = {isa = PBXFileReference; lastKnownFileType = file.storyboard; name = Base; path = Base.lproj/Main.storyboard; sourceTree = "<group>"; };
		ACE20AE11D97EF00001B4F34 /* Assets.xcassets */ = {isa = PBXFileReference; lastKnownFileType = folder.assetcatalog; path = Assets.xcassets; sourceTree = "<group>"; };
		ACE20AE41D97EF00001B4F34 /* Base */ = {isa = PBXFileReference; lastKnownFileType = file.storyboard; name = Base; path = Base.lproj/LaunchScreen.storyboard; sourceTree = "<group>"; };
		ACE20AE61D97EF00001B4F34 /* Info.plist */ = {isa = PBXFileReference; lastKnownFileType = text.plist.xml; path = Info.plist; sourceTree = "<group>"; };
		ACE20AEB1D97EF00001B4F34 /* FLyingSnailTests.xctest */ = {isa = PBXFileReference; explicitFileType = wrapper.cfbundle; includeInIndex = 0; path = FLyingSnailTests.xctest; sourceTree = BUILT_PRODUCTS_DIR; };
		ACE20AEF1D97EF00001B4F34 /* FLyingSnailTests.swift */ = {isa = PBXFileReference; lastKnownFileType = sourcecode.swift; path = FLyingSnailTests.swift; sourceTree = "<group>"; };
		ACE20AF11D97EF00001B4F34 /* Info.plist */ = {isa = PBXFileReference; lastKnownFileType = text.plist.xml; path = Info.plist; sourceTree = "<group>"; };
		ACE20AF61D97EF00001B4F34 /* FLyingSnailUITests.xctest */ = {isa = PBXFileReference; explicitFileType = wrapper.cfbundle; includeInIndex = 0; path = FLyingSnailUITests.xctest; sourceTree = BUILT_PRODUCTS_DIR; };
		ACE20AFA1D97EF00001B4F34 /* FLyingSnailUITests.swift */ = {isa = PBXFileReference; lastKnownFileType = sourcecode.swift; path = FLyingSnailUITests.swift; sourceTree = "<group>"; };
		ACE20AFC1D97EF00001B4F34 /* Info.plist */ = {isa = PBXFileReference; lastKnownFileType = text.plist.xml; path = Info.plist; sourceTree = "<group>"; };
		ACE20B081D97F4FA001B4F34 /* FirstViewController.swift */ = {isa = PBXFileReference; fileEncoding = 4; lastKnownFileType = sourcecode.swift; path = FirstViewController.swift; sourceTree = "<group>"; };
/* End PBXFileReference section */

/* Begin PBXFrameworksBuildPhase section */
		AC1FBBEA1F00F4FC00F5E390 /* Frameworks */ = {
			isa = PBXFrameworksBuildPhase;
			buildActionMask = 2147483647;
			files = (
				AC1FBBEB1F00F4FC00F5E390 /* Alamofire.framework in Frameworks */,
				AC1FBBEC1F00F4FC00F5E390 /* StoreKit.framework in Frameworks */,
			);
			runOnlyForDeploymentPostprocessing = 0;
		};
		ACBC731F1DBDB47100151040 /* Frameworks */ = {
			isa = PBXFrameworksBuildPhase;
			buildActionMask = 2147483647;
			files = (
				ACBC73251DBDB47100151040 /* NotificationCenter.framework in Frameworks */,
			);
			runOnlyForDeploymentPostprocessing = 0;
		};
		ACE20AD21D97EF00001B4F34 /* Frameworks */ = {
			isa = PBXFrameworksBuildPhase;
			buildActionMask = 2147483647;
			files = (
				AC7C203B1E1B8C0100FD46C9 /* Alamofire.framework in Frameworks */,
				ACBC58251E9CB3D300D73D45 /* StoreKit.framework in Frameworks */,
			);
			runOnlyForDeploymentPostprocessing = 0;
		};
		ACE20AE81D97EF00001B4F34 /* Frameworks */ = {
			isa = PBXFrameworksBuildPhase;
			buildActionMask = 2147483647;
			files = (
			);
			runOnlyForDeploymentPostprocessing = 0;
		};
		ACE20AF31D97EF00001B4F34 /* Frameworks */ = {
			isa = PBXFrameworksBuildPhase;
			buildActionMask = 2147483647;
			files = (
			);
			runOnlyForDeploymentPostprocessing = 0;
		};
/* End PBXFrameworksBuildPhase section */

/* Begin PBXGroup section */
		AC0E94B81E1F4BDE00A8C76C /* FLyingSnailActionExtension */ = {
			isa = PBXGroup;
			children = (
				AC0E94B91E1F4BDE00A8C76C /* ActionViewController.swift */,
				AC0E94BB1E1F4BDE00A8C76C /* MainInterface.storyboard */,
				AC0E94BE1E1F4BDE00A8C76C /* Info.plist */,
			);
			path = FLyingSnailActionExtension;
			sourceTree = "<group>";
		};
		AC11FDD01E2FD42A009FC8EF /* Model */ = {
			isa = PBXGroup;
			children = (
				AC11FDD11E2FD4E1009FC8EF /* UserDefaultsConstants.swift */,
			);
			name = Model;
			sourceTree = "<group>";
		};
		AC2FAAA61E963413001DF67C /* Purchase */ = {
			isa = PBXGroup;
			children = (
				AC2FAAA71E963476001DF67C /* PurchaseObserver.swift */,
			);
			name = Purchase;
			sourceTree = "<group>";
		};
		ACBC58231E9CA4D900D73D45 /* Renew */ = {
			isa = PBXGroup;
			children = (
				ACBC58211E9CA4D100D73D45 /* RenewViewController.swift */,
				AC2FAAA61E963413001DF67C /* Purchase */,
			);
			name = Renew;
			sourceTree = "<group>";
		};
		ACBC73231DBDB47100151040 /* Frameworks */ = {
			isa = PBXGroup;
			children = (
				ACBC58241E9CB3D300D73D45 /* StoreKit.framework */,
				AC7C203A1E1B8C0000FD46C9 /* Alamofire.framework */,
				ACBC73241DBDB47100151040 /* NotificationCenter.framework */,
			);
			name = Frameworks;
			sourceTree = "<group>";
		};
		ACBC73261DBDB47100151040 /* ToadyExtension */ = {
			isa = PBXGroup;
			children = (
				ACBC73271DBDB47100151040 /* TodayViewController.swift */,
				ACBC73291DBDB47100151040 /* MainInterface.storyboard */,
				ACBC732C1DBDB47100151040 /* Info.plist */,
			);
			path = ToadyExtension;
			sourceTree = "<group>";
		};
		ACD7AB2A1DB0BD0200AA7B3F /* App */ = {
			isa = PBXGroup;
			children = (
				ACE20AD81D97EF00001B4F34 /* AppDelegate.swift */,
			);
			name = App;
			sourceTree = "<group>";
		};
		ACD7AB2B1DB0BD0F00AA7B3F /* ViewController */ = {
			isa = PBXGroup;
			children = (
				ACE20B081D97F4FA001B4F34 /* FirstViewController.swift */,
				ACE20ADC1D97EF00001B4F34 /* SecondViewController.swift */,
				ACBC58231E9CA4D900D73D45 /* Renew */,
			);
			name = ViewController;
			sourceTree = "<group>";
		};
		ACD7AB2C1DB0BD3200AA7B3F /* StoryBoard */ = {
			isa = PBXGroup;
			children = (
				ACE20ADE1D97EF00001B4F34 /* Main.storyboard */,
			);
			name = StoryBoard;
			sourceTree = "<group>";
		};
		ACD7AB2D1DB0BD5800AA7B3F /* SupportFiles */ = {
			isa = PBXGroup;
			children = (
				AC4F9C1F1EE791BD00FCCF06 /* Cartfile */,
				AC4F9C231EE791EF00FCCF06 /* Cartfile.resolved */,
				ACE20AE11D97EF00001B4F34 /* Assets.xcassets */,
				AC13999A1DEE843000B0034D /* beta.png */,
				ACE20AE31D97EF00001B4F34 /* LaunchScreen.storyboard */,
				ACE20AE61D97EF00001B4F34 /* Info.plist */,
				AC1BB9AC1E9DF653000110F3 /* ProductIDs.plist */,
			);
			name = SupportFiles;
			sourceTree = "<group>";
		};
		ACD7AB2E1DB0BD8100AA7B3F /* View */ = {
			isa = PBXGroup;
			children = (
				ACD7AB2F1DB0BDE900AA7B3F /* FirstTableViewCell.swift */,
				ACD7AB301DB0BDE900AA7B3F /* FirstTableViewCell.xib */,
			);
			name = View;
			sourceTree = "<group>";
		};
		ACE20ACC1D97EF00001B4F34 = {
			isa = PBXGroup;
			children = (
				ACE20AD71D97EF00001B4F34 /* FLyingSnail */,
				ACE20AEE1D97EF00001B4F34 /* FLyingSnailTests */,
				ACE20AF91D97EF00001B4F34 /* FLyingSnailUITests */,
				ACBC73261DBDB47100151040 /* ToadyExtension */,
				AC0E94B81E1F4BDE00A8C76C /* FLyingSnailActionExtension */,
				ACBC73231DBDB47100151040 /* Frameworks */,
				ACE20AD61D97EF00001B4F34 /* Products */,
				AC1FBC001F00F4FC00F5E390 /* FLyingSnail copy-Info.plist */,
			);
			sourceTree = "<group>";
		};
		ACE20AD61D97EF00001B4F34 /* Products */ = {
			isa = PBXGroup;
			children = (
				ACE20AD51D97EF00001B4F34 /* FLyingSnail.app */,
				ACE20AEB1D97EF00001B4F34 /* FLyingSnailTests.xctest */,
				ACE20AF61D97EF00001B4F34 /* FLyingSnailUITests.xctest */,
				ACBC73221DBDB47100151040 /* ToadyExtension.appex */,
				AC1FBBFF1F00F4FC00F5E390 /* FLyingSnail_Dev.app */,
			);
			name = Products;
			sourceTree = "<group>";
		};
		ACE20AD71D97EF00001B4F34 /* FLyingSnail */ = {
			isa = PBXGroup;
			children = (
				ACD7AB2A1DB0BD0200AA7B3F /* App */,
				ACD7AB2B1DB0BD0F00AA7B3F /* ViewController */,
				ACD7AB2E1DB0BD8100AA7B3F /* View */,
				ACD7AB2C1DB0BD3200AA7B3F /* StoryBoard */,
				AC11FDD01E2FD42A009FC8EF /* Model */,
				ACD7AB2D1DB0BD5800AA7B3F /* SupportFiles */,
			);
			path = FLyingSnail;
			sourceTree = "<group>";
		};
		ACE20AEE1D97EF00001B4F34 /* FLyingSnailTests */ = {
			isa = PBXGroup;
			children = (
				ACE20AEF1D97EF00001B4F34 /* FLyingSnailTests.swift */,
				ACE20AF11D97EF00001B4F34 /* Info.plist */,
			);
			path = FLyingSnailTests;
			sourceTree = "<group>";
		};
		ACE20AF91D97EF00001B4F34 /* FLyingSnailUITests */ = {
			isa = PBXGroup;
			children = (
				ACE20AFA1D97EF00001B4F34 /* FLyingSnailUITests.swift */,
				ACE20AFC1D97EF00001B4F34 /* Info.plist */,
			);
			path = FLyingSnailUITests;
			sourceTree = "<group>";
		};
/* End PBXGroup section */

/* Begin PBXNativeTarget section */
		AC1FBBDF1F00F4FC00F5E390 /* FLyingSnail_Dev */ = {
			isa = PBXNativeTarget;
			buildConfigurationList = AC1FBBF91F00F4FC00F5E390 /* Build configuration list for PBXNativeTarget "FLyingSnail_Dev" */;
			buildPhases = (
				AC1FBBE21F00F4FC00F5E390 /* Sources */,
				AC1FBBEA1F00F4FC00F5E390 /* Frameworks */,
				AC1FBBED1F00F4FC00F5E390 /* Resources */,
				AC1FBBF51F00F4FC00F5E390 /* Embed App Extensions */,
				AC1FBBF71F00F4FC00F5E390 /* ShellScript */,
				AC1FBBF81F00F4FC00F5E390 /* ShellScript */,
			);
			buildRules = (
			);
			dependencies = (
				AC1FBBE01F00F4FC00F5E390 /* PBXTargetDependency */,
			);
			name = FLyingSnail_Dev;
			productName = FLyingSnail;
			productReference = AC1FBBFF1F00F4FC00F5E390 /* FLyingSnail_Dev.app */;
			productType = "com.apple.product-type.application";
		};
		ACBC73211DBDB47100151040 /* ToadyExtension */ = {
			isa = PBXNativeTarget;
			buildConfigurationList = ACBC73331DBDB47100151040 /* Build configuration list for PBXNativeTarget "ToadyExtension" */;
			buildPhases = (
				ACBC731E1DBDB47100151040 /* Sources */,
				ACBC731F1DBDB47100151040 /* Frameworks */,
				ACBC73201DBDB47100151040 /* Resources */,
			);
			buildRules = (
			);
			dependencies = (
			);
			name = ToadyExtension;
			productName = ToadyExtension;
			productReference = ACBC73221DBDB47100151040 /* ToadyExtension.appex */;
			productType = "com.apple.product-type.app-extension";
		};
		ACE20AD41D97EF00001B4F34 /* FLyingSnail */ = {
			isa = PBXNativeTarget;
			buildConfigurationList = ACE20AFF1D97EF00001B4F34 /* Build configuration list for PBXNativeTarget "FLyingSnail" */;
			buildPhases = (
				ACE20AD11D97EF00001B4F34 /* Sources */,
				ACE20AD21D97EF00001B4F34 /* Frameworks */,
				ACE20AD31D97EF00001B4F34 /* Resources */,
				ACBC73341DBDB47100151040 /* Embed App Extensions */,
				AC647B101DDC10C400E9729E /* ShellScript */,
				AC7C203D1E1B960400FD46C9 /* ShellScript */,
			);
			buildRules = (
			);
			dependencies = (
				ACBC732E1DBDB47100151040 /* PBXTargetDependency */,
			);
			name = FLyingSnail;
			productName = FLyingSnail;
			productReference = ACE20AD51D97EF00001B4F34 /* FLyingSnail.app */;
			productType = "com.apple.product-type.application";
		};
		ACE20AEA1D97EF00001B4F34 /* FLyingSnailTests */ = {
			isa = PBXNativeTarget;
			buildConfigurationList = ACE20B021D97EF00001B4F34 /* Build configuration list for PBXNativeTarget "FLyingSnailTests" */;
			buildPhases = (
				ACE20AE71D97EF00001B4F34 /* Sources */,
				ACE20AE81D97EF00001B4F34 /* Frameworks */,
				ACE20AE91D97EF00001B4F34 /* Resources */,
			);
			buildRules = (
			);
			dependencies = (
				ACE20AED1D97EF00001B4F34 /* PBXTargetDependency */,
			);
			name = FLyingSnailTests;
			productName = FLyingSnailTests;
			productReference = ACE20AEB1D97EF00001B4F34 /* FLyingSnailTests.xctest */;
			productType = "com.apple.product-type.bundle.unit-test";
		};
		ACE20AF51D97EF00001B4F34 /* FLyingSnailUITests */ = {
			isa = PBXNativeTarget;
			buildConfigurationList = ACE20B051D97EF00001B4F34 /* Build configuration list for PBXNativeTarget "FLyingSnailUITests" */;
			buildPhases = (
				ACE20AF21D97EF00001B4F34 /* Sources */,
				ACE20AF31D97EF00001B4F34 /* Frameworks */,
				ACE20AF41D97EF00001B4F34 /* Resources */,
			);
			buildRules = (
			);
			dependencies = (
				ACE20AF81D97EF00001B4F34 /* PBXTargetDependency */,
			);
			name = FLyingSnailUITests;
			productName = FLyingSnailUITests;
			productReference = ACE20AF61D97EF00001B4F34 /* FLyingSnailUITests.xctest */;
			productType = "com.apple.product-type.bundle.ui-testing";
		};
/* End PBXNativeTarget section */

/* Begin PBXProject section */
		ACE20ACD1D97EF00001B4F34 /* Project object */ = {
			isa = PBXProject;
			attributes = {
				LastSwiftUpdateCheck = 0820;
				LastUpgradeCheck = 0810;
				ORGANIZATIONNAME = snail;
				TargetAttributes = {
					AC1FBBDF1F00F4FC00F5E390 = {
						DevelopmentTeam = 94AJF2JQD9;
					};
					ACBC73211DBDB47100151040 = {
						CreatedOnToolsVersion = 8.0;
						DevelopmentTeam = 94AJF2JQD9;
						ProvisioningStyle = Automatic;
						SystemCapabilities = {
							com.apple.iCloud = {
								enabled = 0;
							};
						};
					};
					ACE20AD41D97EF00001B4F34 = {
						CreatedOnToolsVersion = 8.0;
						DevelopmentTeam = 94AJF2JQD9;
						ProvisioningStyle = Automatic;
						SystemCapabilities = {
							com.apple.InAppPurchase = {
								enabled = 1;
							};
							com.apple.iCloud = {
								enabled = 0;
							};
						};
					};
					ACE20AEA1D97EF00001B4F34 = {
						CreatedOnToolsVersion = 8.0;
						DevelopmentTeam = 7NLBE99QC4;
						ProvisioningStyle = Automatic;
						TestTargetID = ACE20AD41D97EF00001B4F34;
					};
					ACE20AF51D97EF00001B4F34 = {
						CreatedOnToolsVersion = 8.0;
						DevelopmentTeam = 7NLBE99QC4;
						ProvisioningStyle = Automatic;
						TestTargetID = ACE20AD41D97EF00001B4F34;
					};
				};
			};
			buildConfigurationList = ACE20AD01D97EF00001B4F34 /* Build configuration list for PBXProject "FLyingSnail" */;
			compatibilityVersion = "Xcode 3.2";
			developmentRegion = English;
			hasScannedForEncodings = 0;
			knownRegions = (
				en,
				Base,
			);
			mainGroup = ACE20ACC1D97EF00001B4F34;
			productRefGroup = ACE20AD61D97EF00001B4F34 /* Products */;
			projectDirPath = "";
			projectRoot = "";
			targets = (
				ACE20AD41D97EF00001B4F34 /* FLyingSnail */,
				ACE20AEA1D97EF00001B4F34 /* FLyingSnailTests */,
				ACE20AF51D97EF00001B4F34 /* FLyingSnailUITests */,
				ACBC73211DBDB47100151040 /* ToadyExtension */,
				AC1FBBDF1F00F4FC00F5E390 /* FLyingSnail_Dev */,
			);
		};
/* End PBXProject section */

/* Begin PBXResourcesBuildPhase section */
		AC1FBBED1F00F4FC00F5E390 /* Resources */ = {
			isa = PBXResourcesBuildPhase;
			buildActionMask = 2147483647;
			files = (
				AC1FBBEE1F00F4FC00F5E390 /* Cartfile in Resources */,
				AC1FBBEF1F00F4FC00F5E390 /* FirstTableViewCell.xib in Resources */,
				AC1FBBF01F00F4FC00F5E390 /* ProductIDs.plist in Resources */,
				AC1FBBF11F00F4FC00F5E390 /* beta.png in Resources */,
				AC1FBBF21F00F4FC00F5E390 /* LaunchScreen.storyboard in Resources */,
				AC1FBBF31F00F4FC00F5E390 /* Assets.xcassets in Resources */,
				AC1FBBF41F00F4FC00F5E390 /* Main.storyboard in Resources */,
			);
			runOnlyForDeploymentPostprocessing = 0;
		};
		ACBC73201DBDB47100151040 /* Resources */ = {
			isa = PBXResourcesBuildPhase;
			buildActionMask = 2147483647;
			files = (
				ACBC732B1DBDB47100151040 /* MainInterface.storyboard in Resources */,
			);
			runOnlyForDeploymentPostprocessing = 0;
		};
		ACE20AD31D97EF00001B4F34 /* Resources */ = {
			isa = PBXResourcesBuildPhase;
			buildActionMask = 2147483647;
			files = (
				AC4F9C211EE791BD00FCCF06 /* Cartfile in Resources */,
				ACD7AB321DB0BDE900AA7B3F /* FirstTableViewCell.xib in Resources */,
				AC1BB9AD1E9DF653000110F3 /* ProductIDs.plist in Resources */,
				AC13999B1DEE843000B0034D /* beta.png in Resources */,
				ACE20AE51D97EF00001B4F34 /* LaunchScreen.storyboard in Resources */,
				ACE20AE21D97EF00001B4F34 /* Assets.xcassets in Resources */,
				ACE20AE01D97EF00001B4F34 /* Main.storyboard in Resources */,
			);
			runOnlyForDeploymentPostprocessing = 0;
		};
		ACE20AE91D97EF00001B4F34 /* Resources */ = {
			isa = PBXResourcesBuildPhase;
			buildActionMask = 2147483647;
			files = (
			);
			runOnlyForDeploymentPostprocessing = 0;
		};
		ACE20AF41D97EF00001B4F34 /* Resources */ = {
			isa = PBXResourcesBuildPhase;
			buildActionMask = 2147483647;
			files = (
			);
			runOnlyForDeploymentPostprocessing = 0;
		};
/* End PBXResourcesBuildPhase section */

/* Begin PBXShellScriptBuildPhase section */
		AC1FBBF71F00F4FC00F5E390 /* ShellScript */ = {
			isa = PBXShellScriptBuildPhase;
			buildActionMask = 2147483647;
			files = (
			);
			inputPaths = (
			);
			outputPaths = (
			);
			runOnlyForDeploymentPostprocessing = 0;
			shellPath = /bin/sh;
			shellScript = "echo \"Hello world\"\nIFS=$'\\n'\nPATH=${PATH}:/usr/local/bin\n\nfunction generateIcon () {\n    BASE_IMAGE_NAME=$1\n    \n    TARGET_PATH=\"${BUILT_PRODUCTS_DIR}/${UNLOCALIZED_RESOURCES_FOLDER_PATH}/${BASE_IMAGE_NAME}\"\n    CURRENT_BRANCH=$(git branch --no-color | grep '*' | sed 's/^\\*.//')\n    \n    BASE_IMAGE_PATH=$(find ${SRCROOT} -name ${BASE_IMAGE_NAME})\n    WIDTH=$(identify -format %w ${TARGET_PATH})\n    \n    FONT_SIZE=$(echo \"$WIDTH * .15\" | bc -l)\n    echo \"font size $FONT_SIZE\"\n    \n    BETA_IMAGE_PATH=\"${SRCROOT}/inHouse/beta.png\"\n    RESIZE_IMAGE_PATH=\"${SRCROOT}/inHouse/resizedRibbon.png\"\n    \n    if [ \"${CONFIGURATION}\" == \"InHouse\" ]; then\n    convert ${BETA_IMAGE_PATH} -resize ${WIDTH}x${WIDTH} ${RESIZE_IMAGE_PATH}\n    composite ${RESIZE_IMAGE_PATH} ${TARGET_PATH} ${TARGET_PATH}\n    fi\n}\n\ngenerateIcon \"AppIcon60x60@2x.png\"\ngenerateIcon \"AppIcon60x60@3x.png\"\n";
		};
		AC1FBBF81F00F4FC00F5E390 /* ShellScript */ = {
			isa = PBXShellScriptBuildPhase;
			buildActionMask = 2147483647;
			files = (
			);
			inputPaths = (
				"$(SRCROOT)/Carthage/Build/iOS/Alamofire.framework",
			);
			outputPaths = (
			);
			runOnlyForDeploymentPostprocessing = 0;
			shellPath = /bin/sh;
			shellScript = "/usr/local/bin/carthage copy-frameworks";
		};
		AC647B101DDC10C400E9729E /* ShellScript */ = {
			isa = PBXShellScriptBuildPhase;
			buildActionMask = 2147483647;
			files = (
			);
			inputPaths = (
			);
			outputPaths = (
			);
			runOnlyForDeploymentPostprocessing = 0;
			shellPath = /bin/sh;
			shellScript = "echo \"Hello world\"\nIFS=$'\\n'\nPATH=${PATH}:/usr/local/bin\n\nfunction generateIcon () {\n    BASE_IMAGE_NAME=$1\n    \n    TARGET_PATH=\"${BUILT_PRODUCTS_DIR}/${UNLOCALIZED_RESOURCES_FOLDER_PATH}/${BASE_IMAGE_NAME}\"\n    CURRENT_BRANCH=$(git branch --no-color | grep '*' | sed 's/^\\*.//')\n    \n    BASE_IMAGE_PATH=$(find ${SRCROOT} -name ${BASE_IMAGE_NAME})\n    WIDTH=$(identify -format %w ${TARGET_PATH})\n    \n    FONT_SIZE=$(echo \"$WIDTH * .15\" | bc -l)\n    echo \"font size $FONT_SIZE\"\n    \n    BETA_IMAGE_PATH=\"${SRCROOT}/inHouse/beta.png\"\n    RESIZE_IMAGE_PATH=\"${SRCROOT}/inHouse/resizedRibbon.png\"\n    \n    if [ \"${CONFIGURATION}\" == \"InHouse\" ]; then\n    convert ${BETA_IMAGE_PATH} -resize ${WIDTH}x${WIDTH} ${RESIZE_IMAGE_PATH}\n    composite ${RESIZE_IMAGE_PATH} ${TARGET_PATH} ${TARGET_PATH}\n    fi\n}\n\ngenerateIcon \"AppIcon60x60@2x.png\"\ngenerateIcon \"AppIcon60x60@3x.png\"\n";
		};
		AC7C203D1E1B960400FD46C9 /* ShellScript */ = {
			isa = PBXShellScriptBuildPhase;
			buildActionMask = 2147483647;
			files = (
			);
			inputPaths = (
				"$(SRCROOT)/Carthage/Build/iOS/Alamofire.framework",
			);
			outputPaths = (
			);
			runOnlyForDeploymentPostprocessing = 0;
			shellPath = /bin/sh;
			shellScript = "/usr/local/bin/carthage copy-frameworks";
		};
/* End PBXShellScriptBuildPhase section */

/* Begin PBXSourcesBuildPhase section */
		AC1FBBE21F00F4FC00F5E390 /* Sources */ = {
			isa = PBXSourcesBuildPhase;
			buildActionMask = 2147483647;
			files = (
				AC1FBBE31F00F4FC00F5E390 /* RenewViewController.swift in Sources */,
				AC1FBBE41F00F4FC00F5E390 /* UserDefaultsConstants.swift in Sources */,
				AC1FBBE51F00F4FC00F5E390 /* FirstViewController.swift in Sources */,
				AC1FBBE61F00F4FC00F5E390 /* PurchaseObserver.swift in Sources */,
				AC1FBBE71F00F4FC00F5E390 /* SecondViewController.swift in Sources */,
				AC1FBBE81F00F4FC00F5E390 /* FirstTableViewCell.swift in Sources */,
				AC1FBBE91F00F4FC00F5E390 /* AppDelegate.swift in Sources */,
			);
			runOnlyForDeploymentPostprocessing = 0;
		};
		ACBC731E1DBDB47100151040 /* Sources */ = {
			isa = PBXSourcesBuildPhase;
			buildActionMask = 2147483647;
			files = (
				ACBC73281DBDB47100151040 /* TodayViewController.swift in Sources */,
			);
			runOnlyForDeploymentPostprocessing = 0;
		};
		ACE20AD11D97EF00001B4F34 /* Sources */ = {
			isa = PBXSourcesBuildPhase;
			buildActionMask = 2147483647;
			files = (
				ACBC58221E9CA4D100D73D45 /* RenewViewController.swift in Sources */,
				AC11FDD21E2FD4E1009FC8EF /* UserDefaultsConstants.swift in Sources */,
				ACE20B091D97F4FA001B4F34 /* FirstViewController.swift in Sources */,
				AC2FAAA81E963476001DF67C /* PurchaseObserver.swift in Sources */,
				ACE20ADD1D97EF00001B4F34 /* SecondViewController.swift in Sources */,
				ACD7AB311DB0BDE900AA7B3F /* FirstTableViewCell.swift in Sources */,
				ACE20AD91D97EF00001B4F34 /* AppDelegate.swift in Sources */,
			);
			runOnlyForDeploymentPostprocessing = 0;
		};
		ACE20AE71D97EF00001B4F34 /* Sources */ = {
			isa = PBXSourcesBuildPhase;
			buildActionMask = 2147483647;
			files = (
				ACE20AF01D97EF00001B4F34 /* FLyingSnailTests.swift in Sources */,
			);
			runOnlyForDeploymentPostprocessing = 0;
		};
		ACE20AF21D97EF00001B4F34 /* Sources */ = {
			isa = PBXSourcesBuildPhase;
			buildActionMask = 2147483647;
			files = (
				ACE20AFB1D97EF00001B4F34 /* FLyingSnailUITests.swift in Sources */,
			);
			runOnlyForDeploymentPostprocessing = 0;
		};
/* End PBXSourcesBuildPhase section */

/* Begin PBXTargetDependency section */
		AC1FBBE01F00F4FC00F5E390 /* PBXTargetDependency */ = {
			isa = PBXTargetDependency;
			target = ACBC73211DBDB47100151040 /* ToadyExtension */;
			targetProxy = AC1FBBE11F00F4FC00F5E390 /* PBXContainerItemProxy */;
		};
		ACBC732E1DBDB47100151040 /* PBXTargetDependency */ = {
			isa = PBXTargetDependency;
			target = ACBC73211DBDB47100151040 /* ToadyExtension */;
			targetProxy = ACBC732D1DBDB47100151040 /* PBXContainerItemProxy */;
		};
		ACE20AED1D97EF00001B4F34 /* PBXTargetDependency */ = {
			isa = PBXTargetDependency;
			target = ACE20AD41D97EF00001B4F34 /* FLyingSnail */;
			targetProxy = ACE20AEC1D97EF00001B4F34 /* PBXContainerItemProxy */;
		};
		ACE20AF81D97EF00001B4F34 /* PBXTargetDependency */ = {
			isa = PBXTargetDependency;
			target = ACE20AD41D97EF00001B4F34 /* FLyingSnail */;
			targetProxy = ACE20AF71D97EF00001B4F34 /* PBXContainerItemProxy */;
		};
/* End PBXTargetDependency section */

/* Begin PBXVariantGroup section */
		AC0E94BB1E1F4BDE00A8C76C /* MainInterface.storyboard */ = {
			isa = PBXVariantGroup;
			children = (
				AC0E94BC1E1F4BDE00A8C76C /* Base */,
			);
			name = MainInterface.storyboard;
			sourceTree = "<group>";
		};
		ACBC73291DBDB47100151040 /* MainInterface.storyboard */ = {
			isa = PBXVariantGroup;
			children = (
				ACBC732A1DBDB47100151040 /* Base */,
			);
			name = MainInterface.storyboard;
			sourceTree = "<group>";
		};
		ACE20ADE1D97EF00001B4F34 /* Main.storyboard */ = {
			isa = PBXVariantGroup;
			children = (
				ACE20ADF1D97EF00001B4F34 /* Base */,
			);
			name = Main.storyboard;
			sourceTree = "<group>";
		};
		ACE20AE31D97EF00001B4F34 /* LaunchScreen.storyboard */ = {
			isa = PBXVariantGroup;
			children = (
				ACE20AE41D97EF00001B4F34 /* Base */,
			);
			name = LaunchScreen.storyboard;
			sourceTree = "<group>";
		};
/* End PBXVariantGroup section */

/* Begin XCBuildConfiguration section */
		AC1C3B171E70FF2100CBE994 /* PrivateDeploy */ = {
			isa = XCBuildConfiguration;
			buildSettings = {
				ALWAYS_SEARCH_USER_PATHS = NO;
				CLANG_ANALYZER_NONNULL = YES;
				CLANG_CXX_LANGUAGE_STANDARD = "gnu++0x";
				CLANG_CXX_LIBRARY = "libc++";
				CLANG_ENABLE_MODULES = YES;
				CLANG_ENABLE_OBJC_ARC = YES;
				CLANG_WARN_BOOL_CONVERSION = YES;
				CLANG_WARN_CONSTANT_CONVERSION = YES;
				CLANG_WARN_DIRECT_OBJC_ISA_USAGE = YES_ERROR;
				CLANG_WARN_DOCUMENTATION_COMMENTS = YES;
				CLANG_WARN_EMPTY_BODY = YES;
				CLANG_WARN_ENUM_CONVERSION = YES;
				CLANG_WARN_INFINITE_RECURSION = YES;
				CLANG_WARN_INT_CONVERSION = YES;
				CLANG_WARN_OBJC_ROOT_CLASS = YES_ERROR;
				CLANG_WARN_SUSPICIOUS_MOVE = YES;
				CLANG_WARN_SUSPICIOUS_MOVES = YES;
				CLANG_WARN_UNREACHABLE_CODE = YES;
				CLANG_WARN__DUPLICATE_METHOD_MATCH = YES;
				"CODE_SIGN_IDENTITY[sdk=iphoneos*]" = "iPhone Developer";
				COPY_PHASE_STRIP = NO;
				DEBUG_INFORMATION_FORMAT = "dwarf-with-dsym";
				ENABLE_NS_ASSERTIONS = NO;
				ENABLE_STRICT_OBJC_MSGSEND = YES;
				GCC_C_LANGUAGE_STANDARD = gnu99;
				GCC_NO_COMMON_BLOCKS = YES;
				GCC_WARN_64_TO_32_BIT_CONVERSION = YES;
				GCC_WARN_ABOUT_RETURN_TYPE = YES_ERROR;
				GCC_WARN_UNDECLARED_SELECTOR = YES;
				GCC_WARN_UNINITIALIZED_AUTOS = YES_AGGRESSIVE;
				GCC_WARN_UNUSED_FUNCTION = YES;
				GCC_WARN_UNUSED_VARIABLE = YES;
				IPHONEOS_DEPLOYMENT_TARGET = 9.0;
				MTL_ENABLE_DEBUG_INFO = NO;
				OTHER_SWIFT_FLAGS = "-D PRIVATE";
				SDKROOT = iphoneos;
				SWIFT_DISABLE_SAFETY_CHECKS = NO;
				SWIFT_OPTIMIZATION_LEVEL = "-Owholemodule";
				TARGETED_DEVICE_FAMILY = "1,2";
				VALIDATE_PRODUCT = YES;
			};
			name = PrivateDeploy;
		};
		AC1C3B181E70FF2100CBE994 /* PrivateDeploy */ = {
			isa = XCBuildConfiguration;
			buildSettings = {
				ALWAYS_EMBED_SWIFT_STANDARD_LIBRARIES = YES;
				ASSETCATALOG_COMPILER_APPICON_NAME = AppIcon;
				ASSETCATALOG_COMPILER_LAUNCHIMAGE_NAME = "";
				"CODE_SIGN_IDENTITY[sdk=iphoneos*]" = "iPhone Developer";
				COMPRESS_PNG_FILES = YES;
				CURRENT_PROJECT_VERSION = 38;
				DEVELOPMENT_TEAM = "";
				FRAMEWORK_SEARCH_PATHS = (
					"$(inherited)",
					"$(PROJECT_DIR)/Carthage/Build/iOS",
				);
				INFOPLIST_FILE = FLyingSnail/Info.plist;
				LD_RUNPATH_SEARCH_PATHS = "$(inherited) @executable_path/Frameworks";
				PRODUCT_BUNDLE_IDENTIFIER = com.snail.Snail.private;
				PRODUCT_NAME = Private;
				PROVISIONING_PROFILE = "";
				PROVISIONING_PROFILE_SPECIFIER = "";
				STRIP_PNG_TEXT = YES;
				SWIFT_VERSION = 3.0;
				VERSIONING_SYSTEM = "apple-generic";
			};
			name = PrivateDeploy;
		};
		AC1C3B191E70FF2100CBE994 /* PrivateDeploy */ = {
			isa = XCBuildConfiguration;
			buildSettings = {
				ALWAYS_EMBED_SWIFT_STANDARD_LIBRARIES = YES;
				BUNDLE_LOADER = "$(TEST_HOST)";
				DEVELOPMENT_TEAM = 7NLBE99QC4;
				INFOPLIST_FILE = FLyingSnailTests/Info.plist;
				LD_RUNPATH_SEARCH_PATHS = "$(inherited) @executable_path/Frameworks @loader_path/Frameworks";
				PRODUCT_BUNDLE_IDENTIFIER = com.snail.FLyingSnailTests;
				PRODUCT_NAME = "$(TARGET_NAME)";
				SWIFT_VERSION = 3.0;
				TEST_HOST = "$(BUILT_PRODUCTS_DIR)/FLyingSnail.app/FLyingSnail";
			};
			name = PrivateDeploy;
		};
		AC1C3B1A1E70FF2100CBE994 /* PrivateDeploy */ = {
			isa = XCBuildConfiguration;
			buildSettings = {
				ALWAYS_EMBED_SWIFT_STANDARD_LIBRARIES = YES;
				DEVELOPMENT_TEAM = 7NLBE99QC4;
				INFOPLIST_FILE = FLyingSnailUITests/Info.plist;
				LD_RUNPATH_SEARCH_PATHS = "$(inherited) @executable_path/Frameworks @loader_path/Frameworks";
				PRODUCT_BUNDLE_IDENTIFIER = com.snail.FLyingSnailUITests;
				PRODUCT_NAME = "$(TARGET_NAME)";
				SWIFT_VERSION = 3.0;
				TEST_TARGET_NAME = FLyingSnail;
			};
			name = PrivateDeploy;
		};
		AC1C3B1B1E70FF2100CBE994 /* PrivateDeploy */ = {
			isa = XCBuildConfiguration;
			buildSettings = {
				"CODE_SIGN_IDENTITY[sdk=iphoneos*]" = "iPhone Developer";
				DEVELOPMENT_TEAM = "";
				INFOPLIST_FILE = ToadyExtension/Info.plist;
				LD_RUNPATH_SEARCH_PATHS = "$(inherited) @executable_path/Frameworks @executable_path/../../Frameworks";
				PRODUCT_BUNDLE_IDENTIFIER = com.snail.Snail.ToadyExtension;
				PRODUCT_NAME = "$(TARGET_NAME)";
				PROVISIONING_PROFILE = "";
				PROVISIONING_PROFILE_SPECIFIER = "";
				SKIP_INSTALL = YES;
				SWIFT_VERSION = 3.0;
			};
			name = PrivateDeploy;
		};
		AC1FBBFA1F00F4FC00F5E390 /* Debug */ = {
			isa = XCBuildConfiguration;
			buildSettings = {
				ALWAYS_EMBED_SWIFT_STANDARD_LIBRARIES = YES;
				ASSETCATALOG_COMPILER_APPICON_NAME = AppIcon;
				ASSETCATALOG_COMPILER_LAUNCHIMAGE_NAME = "";
				"CODE_SIGN_IDENTITY[sdk=iphoneos*]" = "iPhone Developer";
				COMPRESS_PNG_FILES = YES;
				CURRENT_PROJECT_VERSION = 38;
				DEVELOPMENT_TEAM = 94AJF2JQD9;
				FRAMEWORK_SEARCH_PATHS = (
					"$(inherited)",
					"$(PROJECT_DIR)/Carthage/Build/iOS",
				);
				INFOPLIST_FILE = "FLyingSnail copy-Info.plist";
				LD_RUNPATH_SEARCH_PATHS = "$(inherited) @executable_path/Frameworks";
				OTHER_SWIFT_FLAGS = "-D DEBUG_DEV -Xfrontend -debug-time-function-bodies";
				PRODUCT_BUNDLE_IDENTIFIER = com.snail.Snail;
				PRODUCT_NAME = "$(TARGET_NAME)";
				PROVISIONING_PROFILE = "";
				PROVISIONING_PROFILE_SPECIFIER = "";
				STRIP_PNG_TEXT = YES;
				SWIFT_VERSION = 3.0;
				VERSIONING_SYSTEM = "apple-generic";
			};
			name = Debug;
		};
		AC1FBBFB1F00F4FC00F5E390 /* Release */ = {
			isa = XCBuildConfiguration;
			buildSettings = {
				ALWAYS_EMBED_SWIFT_STANDARD_LIBRARIES = YES;
				ASSETCATALOG_COMPILER_APPICON_NAME = AppIcon;
				ASSETCATALOG_COMPILER_LAUNCHIMAGE_NAME = "";
				"CODE_SIGN_IDENTITY[sdk=iphoneos*]" = "iPhone Developer";
				COMPRESS_PNG_FILES = YES;
				CURRENT_PROJECT_VERSION = 38;
				DEVELOPMENT_TEAM = 94AJF2JQD9;
				FRAMEWORK_SEARCH_PATHS = (
					"$(inherited)",
					"$(PROJECT_DIR)/Carthage/Build/iOS",
				);
				INFOPLIST_FILE = "FLyingSnail copy-Info.plist";
				LD_RUNPATH_SEARCH_PATHS = "$(inherited) @executable_path/Frameworks";
				PRODUCT_BUNDLE_IDENTIFIER = com.snail.Snail;
				PRODUCT_NAME = "$(TARGET_NAME)";
				PROVISIONING_PROFILE = "";
				PROVISIONING_PROFILE_SPECIFIER = "";
				STRIP_PNG_TEXT = YES;
				SWIFT_VERSION = 3.0;
				VERSIONING_SYSTEM = "apple-generic";
			};
			name = Release;
		};
		AC1FBBFC1F00F4FC00F5E390 /* PrivateDeploy */ = {
			isa = XCBuildConfiguration;
			buildSettings = {
				ALWAYS_EMBED_SWIFT_STANDARD_LIBRARIES = YES;
				ASSETCATALOG_COMPILER_APPICON_NAME = AppIcon;
				ASSETCATALOG_COMPILER_LAUNCHIMAGE_NAME = "";
				"CODE_SIGN_IDENTITY[sdk=iphoneos*]" = "iPhone Developer";
				COMPRESS_PNG_FILES = YES;
				CURRENT_PROJECT_VERSION = 38;
				DEVELOPMENT_TEAM = 94AJF2JQD9;
				FRAMEWORK_SEARCH_PATHS = (
					"$(inherited)",
					"$(PROJECT_DIR)/Carthage/Build/iOS",
				);
				INFOPLIST_FILE = "FLyingSnail copy-Info.plist";
				LD_RUNPATH_SEARCH_PATHS = "$(inherited) @executable_path/Frameworks";
				PRODUCT_BUNDLE_IDENTIFIER = com.snail.Snail.private;
				PRODUCT_NAME = "$(TARGET_NAME)";
				PROVISIONING_PROFILE = "";
				PROVISIONING_PROFILE_SPECIFIER = "";
				STRIP_PNG_TEXT = YES;
				SWIFT_VERSION = 3.0;
				VERSIONING_SYSTEM = "apple-generic";
			};
			name = PrivateDeploy;
		};
		AC1FBBFD1F00F4FC00F5E390 /* InHouse */ = {
			isa = XCBuildConfiguration;
			buildSettings = {
				ALWAYS_EMBED_SWIFT_STANDARD_LIBRARIES = YES;
				ASSETCATALOG_COMPILER_APPICON_NAME = InHouse;
				ASSETCATALOG_COMPILER_LAUNCHIMAGE_NAME = "";
				"CODE_SIGN_IDENTITY[sdk=iphoneos*]" = "iPhone Developer";
				COMPRESS_PNG_FILES = NO;
				CURRENT_PROJECT_VERSION = 38;
				DEVELOPMENT_TEAM = 94AJF2JQD9;
				FRAMEWORK_SEARCH_PATHS = (
					"$(inherited)",
					"$(PROJECT_DIR)/Carthage/Build/iOS",
				);
				INFOPLIST_FILE = "FLyingSnail copy-Info.plist";
				LD_RUNPATH_SEARCH_PATHS = "$(inherited) @executable_path/Frameworks";
				PRODUCT_BUNDLE_IDENTIFIER = "com.snail.Snail-InHouse";
				PRODUCT_NAME = "$(TARGET_NAME)";
				PROVISIONING_PROFILE = "";
				PROVISIONING_PROFILE_SPECIFIER = "";
				STRIP_PNG_TEXT = NO;
				SWIFT_VERSION = 3.0;
				VERSIONING_SYSTEM = "apple-generic";
			};
			name = InHouse;
		};
		AC1FBBFE1F00F4FC00F5E390 /* AdHoc */ = {
			isa = XCBuildConfiguration;
			buildSettings = {
				ALWAYS_EMBED_SWIFT_STANDARD_LIBRARIES = YES;
				ASSETCATALOG_COMPILER_APPICON_NAME = AppIcon;
				ASSETCATALOG_COMPILER_LAUNCHIMAGE_NAME = "";
				"CODE_SIGN_IDENTITY[sdk=iphoneos*]" = "iPhone Developer";
				COMPRESS_PNG_FILES = YES;
				CURRENT_PROJECT_VERSION = 38;
				DEVELOPMENT_TEAM = 94AJF2JQD9;
				FRAMEWORK_SEARCH_PATHS = (
					"$(inherited)",
					"$(PROJECT_DIR)/Carthage/Build/iOS",
				);
				INFOPLIST_FILE = "FLyingSnail copy-Info.plist";
				LD_RUNPATH_SEARCH_PATHS = "$(inherited) @executable_path/Frameworks";
				PRODUCT_BUNDLE_IDENTIFIER = com.snail.Snail;
				PRODUCT_NAME = "$(TARGET_NAME)";
				PROVISIONING_PROFILE = "";
				PROVISIONING_PROFILE_SPECIFIER = "";
				STRIP_PNG_TEXT = YES;
				SWIFT_VERSION = 3.0;
				VERSIONING_SYSTEM = "apple-generic";
			};
			name = AdHoc;
		};
		ACBC73301DBDB47100151040 /* Debug */ = {
			isa = XCBuildConfiguration;
			buildSettings = {
				"CODE_SIGN_IDENTITY[sdk=iphoneos*]" = "iPhone Developer";
				DEVELOPMENT_TEAM = "";
				INFOPLIST_FILE = ToadyExtension/Info.plist;
				LD_RUNPATH_SEARCH_PATHS = "$(inherited) @executable_path/Frameworks @executable_path/../../Frameworks";
				PRODUCT_BUNDLE_IDENTIFIER = com.snail.Snail.ToadyExtension;
				PRODUCT_NAME = "$(TARGET_NAME)";
				PROVISIONING_PROFILE = "";
				PROVISIONING_PROFILE_SPECIFIER = "";
				SKIP_INSTALL = YES;
				SWIFT_ACTIVE_COMPILATION_CONDITIONS = DEBUG;
				SWIFT_VERSION = 3.0;
			};
			name = Debug;
		};
		ACBC73321DBDB47100151040 /* Release */ = {
			isa = XCBuildConfiguration;
			buildSettings = {
				"CODE_SIGN_IDENTITY[sdk=iphoneos*]" = "iPhone Developer";
				DEVELOPMENT_TEAM = "";
				INFOPLIST_FILE = ToadyExtension/Info.plist;
				LD_RUNPATH_SEARCH_PATHS = "$(inherited) @executable_path/Frameworks @executable_path/../../Frameworks";
				PRODUCT_BUNDLE_IDENTIFIER = com.snail.Snail.ToadyExtension;
				PRODUCT_NAME = "$(TARGET_NAME)";
				PROVISIONING_PROFILE = "";
				PROVISIONING_PROFILE_SPECIFIER = "";
				SKIP_INSTALL = YES;
				SWIFT_VERSION = 3.0;
			};
			name = Release;
		};
		ACC5966D1DED55CF00A06FF7 /* InHouse */ = {
			isa = XCBuildConfiguration;
			buildSettings = {
				ALWAYS_SEARCH_USER_PATHS = NO;
				CLANG_ANALYZER_NONNULL = YES;
				CLANG_CXX_LANGUAGE_STANDARD = "gnu++0x";
				CLANG_CXX_LIBRARY = "libc++";
				CLANG_ENABLE_MODULES = YES;
				CLANG_ENABLE_OBJC_ARC = YES;
				CLANG_WARN_BOOL_CONVERSION = YES;
				CLANG_WARN_CONSTANT_CONVERSION = YES;
				CLANG_WARN_DIRECT_OBJC_ISA_USAGE = YES_ERROR;
				CLANG_WARN_DOCUMENTATION_COMMENTS = YES;
				CLANG_WARN_EMPTY_BODY = YES;
				CLANG_WARN_ENUM_CONVERSION = YES;
				CLANG_WARN_INFINITE_RECURSION = YES;
				CLANG_WARN_INT_CONVERSION = YES;
				CLANG_WARN_OBJC_ROOT_CLASS = YES_ERROR;
				CLANG_WARN_SUSPICIOUS_MOVE = YES;
				CLANG_WARN_SUSPICIOUS_MOVES = YES;
				CLANG_WARN_UNREACHABLE_CODE = YES;
				CLANG_WARN__DUPLICATE_METHOD_MATCH = YES;
				"CODE_SIGN_IDENTITY[sdk=iphoneos*]" = "iPhone Developer";
				COPY_PHASE_STRIP = NO;
				DEBUG_INFORMATION_FORMAT = "dwarf-with-dsym";
				ENABLE_NS_ASSERTIONS = NO;
				ENABLE_STRICT_OBJC_MSGSEND = YES;
				GCC_C_LANGUAGE_STANDARD = gnu99;
				GCC_NO_COMMON_BLOCKS = YES;
				GCC_WARN_64_TO_32_BIT_CONVERSION = YES;
				GCC_WARN_ABOUT_RETURN_TYPE = YES_ERROR;
				GCC_WARN_UNDECLARED_SELECTOR = YES;
				GCC_WARN_UNINITIALIZED_AUTOS = YES_AGGRESSIVE;
				GCC_WARN_UNUSED_FUNCTION = YES;
				GCC_WARN_UNUSED_VARIABLE = YES;
				IPHONEOS_DEPLOYMENT_TARGET = 9.0;
				MTL_ENABLE_DEBUG_INFO = NO;
				OTHER_SWIFT_FLAGS = "-D RELEASE -Xfrontend -debug-time-function-bodies";
				SDKROOT = iphoneos;
				SWIFT_DISABLE_SAFETY_CHECKS = NO;
				SWIFT_OPTIMIZATION_LEVEL = "-Owholemodule";
				TARGETED_DEVICE_FAMILY = "1,2";
				VALIDATE_PRODUCT = YES;
			};
			name = InHouse;
		};
		ACC5966E1DED55CF00A06FF7 /* InHouse */ = {
			isa = XCBuildConfiguration;
			buildSettings = {
				ALWAYS_EMBED_SWIFT_STANDARD_LIBRARIES = YES;
				ASSETCATALOG_COMPILER_APPICON_NAME = InHouse;
				ASSETCATALOG_COMPILER_LAUNCHIMAGE_NAME = "";
				"CODE_SIGN_IDENTITY[sdk=iphoneos*]" = "iPhone Developer";
				COMPRESS_PNG_FILES = NO;
				CURRENT_PROJECT_VERSION = 38;
				DEVELOPMENT_TEAM = "";
				FRAMEWORK_SEARCH_PATHS = (
					"$(inherited)",
					"$(PROJECT_DIR)/Carthage/Build/iOS",
				);
				INFOPLIST_FILE = FLyingSnail/Info.plist;
				LD_RUNPATH_SEARCH_PATHS = "$(inherited) @executable_path/Frameworks";
				PRODUCT_BUNDLE_IDENTIFIER = "com.snail.Snail-InHouse";
				PRODUCT_NAME = InHouse;
				PROVISIONING_PROFILE = "";
				PROVISIONING_PROFILE_SPECIFIER = "";
				STRIP_PNG_TEXT = NO;
				SWIFT_VERSION = 3.0;
				VERSIONING_SYSTEM = "apple-generic";
			};
			name = InHouse;
		};
		ACC5966F1DED55CF00A06FF7 /* InHouse */ = {
			isa = XCBuildConfiguration;
			buildSettings = {
				ALWAYS_EMBED_SWIFT_STANDARD_LIBRARIES = YES;
				BUNDLE_LOADER = "$(TEST_HOST)";
				DEVELOPMENT_TEAM = 7NLBE99QC4;
				INFOPLIST_FILE = FLyingSnailTests/Info.plist;
				LD_RUNPATH_SEARCH_PATHS = "$(inherited) @executable_path/Frameworks @loader_path/Frameworks";
				PRODUCT_BUNDLE_IDENTIFIER = com.snail.FLyingSnailTests;
				PRODUCT_NAME = "$(TARGET_NAME)";
				SWIFT_VERSION = 3.0;
				TEST_HOST = "$(BUILT_PRODUCTS_DIR)/FLyingSnail.app/FLyingSnail";
			};
			name = InHouse;
		};
		ACC596701DED55CF00A06FF7 /* InHouse */ = {
			isa = XCBuildConfiguration;
			buildSettings = {
				ALWAYS_EMBED_SWIFT_STANDARD_LIBRARIES = YES;
				DEVELOPMENT_TEAM = 7NLBE99QC4;
				INFOPLIST_FILE = FLyingSnailUITests/Info.plist;
				LD_RUNPATH_SEARCH_PATHS = "$(inherited) @executable_path/Frameworks @loader_path/Frameworks";
				PRODUCT_BUNDLE_IDENTIFIER = com.snail.FLyingSnailUITests;
				PRODUCT_NAME = "$(TARGET_NAME)";
				SWIFT_VERSION = 3.0;
				TEST_TARGET_NAME = FLyingSnail;
			};
			name = InHouse;
		};
		ACC596711DED55CF00A06FF7 /* InHouse */ = {
			isa = XCBuildConfiguration;
			buildSettings = {
				"CODE_SIGN_IDENTITY[sdk=iphoneos*]" = "iPhone Developer";
				DEVELOPMENT_TEAM = "";
				INFOPLIST_FILE = ToadyExtension/Info.plist;
				LD_RUNPATH_SEARCH_PATHS = "$(inherited) @executable_path/Frameworks @executable_path/../../Frameworks";
				PRODUCT_BUNDLE_IDENTIFIER = "com.snail.Snail-InHouse.ToadyExtension";
				PRODUCT_NAME = "$(TARGET_NAME)";
				PROVISIONING_PROFILE = "";
				PROVISIONING_PROFILE_SPECIFIER = "";
				SKIP_INSTALL = YES;
				SWIFT_VERSION = 3.0;
			};
			name = InHouse;
		};
		ACE20AFD1D97EF00001B4F34 /* Debug */ = {
			isa = XCBuildConfiguration;
			buildSettings = {
				ALWAYS_SEARCH_USER_PATHS = NO;
				CLANG_ANALYZER_NONNULL = YES;
				CLANG_CXX_LANGUAGE_STANDARD = "gnu++0x";
				CLANG_CXX_LIBRARY = "libc++";
				CLANG_ENABLE_MODULES = YES;
				CLANG_ENABLE_OBJC_ARC = YES;
				CLANG_WARN_BOOL_CONVERSION = YES;
				CLANG_WARN_CONSTANT_CONVERSION = YES;
				CLANG_WARN_DIRECT_OBJC_ISA_USAGE = YES_ERROR;
				CLANG_WARN_DOCUMENTATION_COMMENTS = YES;
				CLANG_WARN_EMPTY_BODY = YES;
				CLANG_WARN_ENUM_CONVERSION = YES;
				CLANG_WARN_INFINITE_RECURSION = YES;
				CLANG_WARN_INT_CONVERSION = YES;
				CLANG_WARN_OBJC_ROOT_CLASS = YES_ERROR;
				CLANG_WARN_SUSPICIOUS_MOVE = YES;
				CLANG_WARN_SUSPICIOUS_MOVES = YES;
				CLANG_WARN_UNREACHABLE_CODE = YES;
				CLANG_WARN__DUPLICATE_METHOD_MATCH = YES;
				"CODE_SIGN_IDENTITY[sdk=iphoneos*]" = "iPhone Developer";
				COPY_PHASE_STRIP = NO;
				DEBUG_INFORMATION_FORMAT = dwarf;
				ENABLE_STRICT_OBJC_MSGSEND = YES;
				ENABLE_TESTABILITY = YES;
				GCC_C_LANGUAGE_STANDARD = gnu99;
				GCC_DYNAMIC_NO_PIC = NO;
				GCC_NO_COMMON_BLOCKS = YES;
				GCC_OPTIMIZATION_LEVEL = 0;
				GCC_PREPROCESSOR_DEFINITIONS = (
					"DEBUG=1",
					"$(inherited)",
				);
				GCC_WARN_64_TO_32_BIT_CONVERSION = YES;
				GCC_WARN_ABOUT_RETURN_TYPE = YES_ERROR;
				GCC_WARN_UNDECLARED_SELECTOR = YES;
				GCC_WARN_UNINITIALIZED_AUTOS = YES_AGGRESSIVE;
				GCC_WARN_UNUSED_FUNCTION = YES;
				GCC_WARN_UNUSED_VARIABLE = YES;
				IPHONEOS_DEPLOYMENT_TARGET = 9.0;
				MTL_ENABLE_DEBUG_INFO = YES;
				ONLY_ACTIVE_ARCH = YES;
				OTHER_SWIFT_FLAGS = "-D DEBUG -Xfrontend -debug-time-function-bodies";
				SDKROOT = iphoneos;
				SWIFT_ACTIVE_COMPILATION_CONDITIONS = "";
				SWIFT_DISABLE_SAFETY_CHECKS = NO;
				SWIFT_OPTIMIZATION_LEVEL = "-Onone";
				TARGETED_DEVICE_FAMILY = "1,2";
			};
			name = Debug;
		};
		ACE20AFE1D97EF00001B4F34 /* Release */ = {
			isa = XCBuildConfiguration;
			buildSettings = {
				ALWAYS_SEARCH_USER_PATHS = NO;
				CLANG_ANALYZER_NONNULL = YES;
				CLANG_CXX_LANGUAGE_STANDARD = "gnu++0x";
				CLANG_CXX_LIBRARY = "libc++";
				CLANG_ENABLE_MODULES = YES;
				CLANG_ENABLE_OBJC_ARC = YES;
				CLANG_WARN_BOOL_CONVERSION = YES;
				CLANG_WARN_CONSTANT_CONVERSION = YES;
				CLANG_WARN_DIRECT_OBJC_ISA_USAGE = YES_ERROR;
				CLANG_WARN_DOCUMENTATION_COMMENTS = YES;
				CLANG_WARN_EMPTY_BODY = YES;
				CLANG_WARN_ENUM_CONVERSION = YES;
				CLANG_WARN_INFINITE_RECURSION = YES;
				CLANG_WARN_INT_CONVERSION = YES;
				CLANG_WARN_OBJC_ROOT_CLASS = YES_ERROR;
				CLANG_WARN_SUSPICIOUS_MOVE = YES;
				CLANG_WARN_SUSPICIOUS_MOVES = YES;
				CLANG_WARN_UNREACHABLE_CODE = YES;
				CLANG_WARN__DUPLICATE_METHOD_MATCH = YES;
				"CODE_SIGN_IDENTITY[sdk=iphoneos*]" = "iPhone Developer";
				COPY_PHASE_STRIP = NO;
				DEBUG_INFORMATION_FORMAT = "dwarf-with-dsym";
				ENABLE_NS_ASSERTIONS = NO;
				ENABLE_STRICT_OBJC_MSGSEND = YES;
				GCC_C_LANGUAGE_STANDARD = gnu99;
				GCC_NO_COMMON_BLOCKS = YES;
				GCC_WARN_64_TO_32_BIT_CONVERSION = YES;
				GCC_WARN_ABOUT_RETURN_TYPE = YES_ERROR;
				GCC_WARN_UNDECLARED_SELECTOR = YES;
				GCC_WARN_UNINITIALIZED_AUTOS = YES_AGGRESSIVE;
				GCC_WARN_UNUSED_FUNCTION = YES;
				GCC_WARN_UNUSED_VARIABLE = YES;
				IPHONEOS_DEPLOYMENT_TARGET = 9.0;
				MTL_ENABLE_DEBUG_INFO = NO;
				OTHER_SWIFT_FLAGS = "-D RELEASE";
				SDKROOT = iphoneos;
				SWIFT_DISABLE_SAFETY_CHECKS = NO;
				SWIFT_OPTIMIZATION_LEVEL = "-Owholemodule";
				TARGETED_DEVICE_FAMILY = "1,2";
				VALIDATE_PRODUCT = YES;
			};
			name = Release;
		};
		ACE20B001D97EF00001B4F34 /* Debug */ = {
			isa = XCBuildConfiguration;
			buildSettings = {
				ALWAYS_EMBED_SWIFT_STANDARD_LIBRARIES = YES;
				ASSETCATALOG_COMPILER_APPICON_NAME = AppIcon;
				ASSETCATALOG_COMPILER_LAUNCHIMAGE_NAME = "";
				"CODE_SIGN_IDENTITY[sdk=iphoneos*]" = "iPhone Developer";
				COMPRESS_PNG_FILES = YES;
				CURRENT_PROJECT_VERSION = 38;
				DEVELOPMENT_TEAM = "";
				FRAMEWORK_SEARCH_PATHS = (
					"$(inherited)",
					"$(PROJECT_DIR)/Carthage/Build/iOS",
				);
				INFOPLIST_FILE = FLyingSnail/Info.plist;
				LD_RUNPATH_SEARCH_PATHS = "$(inherited) @executable_path/Frameworks";
				PRODUCT_BUNDLE_IDENTIFIER = com.snail.Snail;
				PRODUCT_NAME = "$(TARGET_NAME)";
				PROVISIONING_PROFILE = "";
				PROVISIONING_PROFILE_SPECIFIER = "";
				STRIP_PNG_TEXT = YES;
				SWIFT_VERSION = 3.0;
				VERSIONING_SYSTEM = "apple-generic";
			};
			name = Debug;
		};
		ACE20B011D97EF00001B4F34 /* Release */ = {
			isa = XCBuildConfiguration;
			buildSettings = {
				ALWAYS_EMBED_SWIFT_STANDARD_LIBRARIES = YES;
				ASSETCATALOG_COMPILER_APPICON_NAME = AppIcon;
				ASSETCATALOG_COMPILER_LAUNCHIMAGE_NAME = "";
				"CODE_SIGN_IDENTITY[sdk=iphoneos*]" = "iPhone Developer";
				COMPRESS_PNG_FILES = YES;
				CURRENT_PROJECT_VERSION = 38;
				DEVELOPMENT_TEAM = "";
				FRAMEWORK_SEARCH_PATHS = (
					"$(inherited)",
					"$(PROJECT_DIR)/Carthage/Build/iOS",
				);
				INFOPLIST_FILE = FLyingSnail/Info.plist;
				LD_RUNPATH_SEARCH_PATHS = "$(inherited) @executable_path/Frameworks";
				PRODUCT_BUNDLE_IDENTIFIER = com.snail.Snail;
				PRODUCT_NAME = "$(TARGET_NAME)";
				PROVISIONING_PROFILE = "";
				PROVISIONING_PROFILE_SPECIFIER = "";
				STRIP_PNG_TEXT = YES;
				SWIFT_VERSION = 3.0;
				VERSIONING_SYSTEM = "apple-generic";
			};
			name = Release;
		};
		ACE20B031D97EF00001B4F34 /* Debug */ = {
			isa = XCBuildConfiguration;
			buildSettings = {
				ALWAYS_EMBED_SWIFT_STANDARD_LIBRARIES = YES;
				BUNDLE_LOADER = "$(TEST_HOST)";
				DEVELOPMENT_TEAM = 7NLBE99QC4;
				INFOPLIST_FILE = FLyingSnailTests/Info.plist;
				LD_RUNPATH_SEARCH_PATHS = "$(inherited) @executable_path/Frameworks @loader_path/Frameworks";
				PRODUCT_BUNDLE_IDENTIFIER = com.snail.FLyingSnailTests;
				PRODUCT_NAME = "$(TARGET_NAME)";
				SWIFT_VERSION = 3.0;
				TEST_HOST = "$(BUILT_PRODUCTS_DIR)/FLyingSnail.app/FLyingSnail";
			};
			name = Debug;
		};
		ACE20B041D97EF00001B4F34 /* Release */ = {
			isa = XCBuildConfiguration;
			buildSettings = {
				ALWAYS_EMBED_SWIFT_STANDARD_LIBRARIES = YES;
				BUNDLE_LOADER = "$(TEST_HOST)";
				DEVELOPMENT_TEAM = 7NLBE99QC4;
				INFOPLIST_FILE = FLyingSnailTests/Info.plist;
				LD_RUNPATH_SEARCH_PATHS = "$(inherited) @executable_path/Frameworks @loader_path/Frameworks";
				PRODUCT_BUNDLE_IDENTIFIER = com.snail.FLyingSnailTests;
				PRODUCT_NAME = "$(TARGET_NAME)";
				SWIFT_VERSION = 3.0;
				TEST_HOST = "$(BUILT_PRODUCTS_DIR)/FLyingSnail.app/FLyingSnail";
			};
			name = Release;
		};
		ACE20B061D97EF00001B4F34 /* Debug */ = {
			isa = XCBuildConfiguration;
			buildSettings = {
				ALWAYS_EMBED_SWIFT_STANDARD_LIBRARIES = YES;
				DEVELOPMENT_TEAM = 7NLBE99QC4;
				INFOPLIST_FILE = FLyingSnailUITests/Info.plist;
				LD_RUNPATH_SEARCH_PATHS = "$(inherited) @executable_path/Frameworks @loader_path/Frameworks";
				PRODUCT_BUNDLE_IDENTIFIER = com.snail.FLyingSnailUITests;
				PRODUCT_NAME = "$(TARGET_NAME)";
				SWIFT_VERSION = 3.0;
				TEST_TARGET_NAME = FLyingSnail;
			};
			name = Debug;
		};
		ACE20B071D97EF00001B4F34 /* Release */ = {
			isa = XCBuildConfiguration;
			buildSettings = {
				ALWAYS_EMBED_SWIFT_STANDARD_LIBRARIES = YES;
				DEVELOPMENT_TEAM = 7NLBE99QC4;
				INFOPLIST_FILE = FLyingSnailUITests/Info.plist;
				LD_RUNPATH_SEARCH_PATHS = "$(inherited) @executable_path/Frameworks @loader_path/Frameworks";
				PRODUCT_BUNDLE_IDENTIFIER = com.snail.FLyingSnailUITests;
				PRODUCT_NAME = "$(TARGET_NAME)";
				SWIFT_VERSION = 3.0;
				TEST_TARGET_NAME = FLyingSnail;
			};
			name = Release;
		};
		ACEEA6F81DE58AA700FC6054 /* AdHoc */ = {
			isa = XCBuildConfiguration;
			buildSettings = {
				ALWAYS_SEARCH_USER_PATHS = NO;
				CLANG_ANALYZER_NONNULL = YES;
				CLANG_CXX_LANGUAGE_STANDARD = "gnu++0x";
				CLANG_CXX_LIBRARY = "libc++";
				CLANG_ENABLE_MODULES = YES;
				CLANG_ENABLE_OBJC_ARC = YES;
				CLANG_WARN_BOOL_CONVERSION = YES;
				CLANG_WARN_CONSTANT_CONVERSION = YES;
				CLANG_WARN_DIRECT_OBJC_ISA_USAGE = YES_ERROR;
				CLANG_WARN_DOCUMENTATION_COMMENTS = YES;
				CLANG_WARN_EMPTY_BODY = YES;
				CLANG_WARN_ENUM_CONVERSION = YES;
				CLANG_WARN_INFINITE_RECURSION = YES;
				CLANG_WARN_INT_CONVERSION = YES;
				CLANG_WARN_OBJC_ROOT_CLASS = YES_ERROR;
				CLANG_WARN_SUSPICIOUS_MOVE = YES;
				CLANG_WARN_SUSPICIOUS_MOVES = YES;
				CLANG_WARN_UNREACHABLE_CODE = YES;
				CLANG_WARN__DUPLICATE_METHOD_MATCH = YES;
				"CODE_SIGN_IDENTITY[sdk=iphoneos*]" = "iPhone Developer";
				COPY_PHASE_STRIP = NO;
				DEBUG_INFORMATION_FORMAT = "dwarf-with-dsym";
				ENABLE_NS_ASSERTIONS = NO;
				ENABLE_STRICT_OBJC_MSGSEND = YES;
				GCC_C_LANGUAGE_STANDARD = gnu99;
				GCC_NO_COMMON_BLOCKS = YES;
				GCC_WARN_64_TO_32_BIT_CONVERSION = YES;
				GCC_WARN_ABOUT_RETURN_TYPE = YES_ERROR;
				GCC_WARN_UNDECLARED_SELECTOR = YES;
				GCC_WARN_UNINITIALIZED_AUTOS = YES_AGGRESSIVE;
				GCC_WARN_UNUSED_FUNCTION = YES;
				GCC_WARN_UNUSED_VARIABLE = YES;
				IPHONEOS_DEPLOYMENT_TARGET = 9.0;
				MTL_ENABLE_DEBUG_INFO = NO;
				OTHER_SWIFT_FLAGS = "-D ADHOC -Xfrontend -debug-time-function-bodies";
				SDKROOT = iphoneos;
				SWIFT_DISABLE_SAFETY_CHECKS = NO;
				SWIFT_OPTIMIZATION_LEVEL = "-Owholemodule";
				TARGETED_DEVICE_FAMILY = "1,2";
				VALIDATE_PRODUCT = YES;
			};
			name = AdHoc;
		};
		ACEEA6F91DE58AA700FC6054 /* AdHoc */ = {
			isa = XCBuildConfiguration;
			buildSettings = {
				ALWAYS_EMBED_SWIFT_STANDARD_LIBRARIES = YES;
				ASSETCATALOG_COMPILER_APPICON_NAME = AppIcon;
				ASSETCATALOG_COMPILER_LAUNCHIMAGE_NAME = "";
				"CODE_SIGN_IDENTITY[sdk=iphoneos*]" = "iPhone Developer";
				COMPRESS_PNG_FILES = YES;
				CURRENT_PROJECT_VERSION = 38;
				DEVELOPMENT_TEAM = "";
				FRAMEWORK_SEARCH_PATHS = (
					"$(inherited)",
					"$(PROJECT_DIR)/Carthage/Build/iOS",
				);
				INFOPLIST_FILE = FLyingSnail/Info.plist;
				LD_RUNPATH_SEARCH_PATHS = "$(inherited) @executable_path/Frameworks";
				PRODUCT_BUNDLE_IDENTIFIER = com.snail.Snail;
				PRODUCT_NAME = "$(TARGET_NAME)";
				PROVISIONING_PROFILE = "";
				PROVISIONING_PROFILE_SPECIFIER = "";
				STRIP_PNG_TEXT = YES;
				SWIFT_VERSION = 3.0;
				VERSIONING_SYSTEM = "apple-generic";
			};
			name = AdHoc;
		};
		ACEEA6FA1DE58AA700FC6054 /* AdHoc */ = {
			isa = XCBuildConfiguration;
			buildSettings = {
				ALWAYS_EMBED_SWIFT_STANDARD_LIBRARIES = YES;
				BUNDLE_LOADER = "$(TEST_HOST)";
				DEVELOPMENT_TEAM = 7NLBE99QC4;
				INFOPLIST_FILE = FLyingSnailTests/Info.plist;
				LD_RUNPATH_SEARCH_PATHS = "$(inherited) @executable_path/Frameworks @loader_path/Frameworks";
				PRODUCT_BUNDLE_IDENTIFIER = com.snail.FLyingSnailTests;
				PRODUCT_NAME = "$(TARGET_NAME)";
				SWIFT_VERSION = 3.0;
				TEST_HOST = "$(BUILT_PRODUCTS_DIR)/FLyingSnail.app/FLyingSnail";
			};
			name = AdHoc;
		};
		ACEEA6FB1DE58AA700FC6054 /* AdHoc */ = {
			isa = XCBuildConfiguration;
			buildSettings = {
				ALWAYS_EMBED_SWIFT_STANDARD_LIBRARIES = YES;
				DEVELOPMENT_TEAM = 7NLBE99QC4;
				INFOPLIST_FILE = FLyingSnailUITests/Info.plist;
				LD_RUNPATH_SEARCH_PATHS = "$(inherited) @executable_path/Frameworks @loader_path/Frameworks";
				PRODUCT_BUNDLE_IDENTIFIER = com.snail.FLyingSnailUITests;
				PRODUCT_NAME = "$(TARGET_NAME)";
				SWIFT_VERSION = 3.0;
				TEST_TARGET_NAME = FLyingSnail;
			};
			name = AdHoc;
		};
		ACEEA6FC1DE58AA700FC6054 /* AdHoc */ = {
			isa = XCBuildConfiguration;
			buildSettings = {
				"CODE_SIGN_IDENTITY[sdk=iphoneos*]" = "iPhone Developer";
				DEVELOPMENT_TEAM = "";
				INFOPLIST_FILE = ToadyExtension/Info.plist;
				LD_RUNPATH_SEARCH_PATHS = "$(inherited) @executable_path/Frameworks @executable_path/../../Frameworks";
				PRODUCT_BUNDLE_IDENTIFIER = com.snail.Snail.ToadyExtension;
				PRODUCT_NAME = "$(TARGET_NAME)";
				PROVISIONING_PROFILE = "";
				PROVISIONING_PROFILE_SPECIFIER = "";
				SKIP_INSTALL = YES;
				SWIFT_VERSION = 3.0;
			};
			name = AdHoc;
		};
/* End XCBuildConfiguration section */

/* Begin XCConfigurationList section */
		AC1FBBF91F00F4FC00F5E390 /* Build configuration list for PBXNativeTarget "FLyingSnail_Dev" */ = {
			isa = XCConfigurationList;
			buildConfigurations = (
				AC1FBBFA1F00F4FC00F5E390 /* Debug */,
				AC1FBBFB1F00F4FC00F5E390 /* Release */,
				AC1FBBFC1F00F4FC00F5E390 /* PrivateDeploy */,
				AC1FBBFD1F00F4FC00F5E390 /* InHouse */,
				AC1FBBFE1F00F4FC00F5E390 /* AdHoc */,
			);
			defaultConfigurationIsVisible = 0;
			defaultConfigurationName = Release;
		};
		ACBC73331DBDB47100151040 /* Build configuration list for PBXNativeTarget "ToadyExtension" */ = {
			isa = XCConfigurationList;
			buildConfigurations = (
				ACBC73301DBDB47100151040 /* Debug */,
				ACBC73321DBDB47100151040 /* Release */,
				AC1C3B1B1E70FF2100CBE994 /* PrivateDeploy */,
				ACC596711DED55CF00A06FF7 /* InHouse */,
				ACEEA6FC1DE58AA700FC6054 /* AdHoc */,
			);
			defaultConfigurationIsVisible = 0;
			defaultConfigurationName = Release;
		};
		ACE20AD01D97EF00001B4F34 /* Build configuration list for PBXProject "FLyingSnail" */ = {
			isa = XCConfigurationList;
			buildConfigurations = (
				ACE20AFD1D97EF00001B4F34 /* Debug */,
				ACE20AFE1D97EF00001B4F34 /* Release */,
				AC1C3B171E70FF2100CBE994 /* PrivateDeploy */,
				ACC5966D1DED55CF00A06FF7 /* InHouse */,
				ACEEA6F81DE58AA700FC6054 /* AdHoc */,
			);
			defaultConfigurationIsVisible = 0;
			defaultConfigurationName = Release;
		};
		ACE20AFF1D97EF00001B4F34 /* Build configuration list for PBXNativeTarget "FLyingSnail" */ = {
			isa = XCConfigurationList;
			buildConfigurations = (
				ACE20B001D97EF00001B4F34 /* Debug */,
				ACE20B011D97EF00001B4F34 /* Release */,
				AC1C3B181E70FF2100CBE994 /* PrivateDeploy */,
				ACC5966E1DED55CF00A06FF7 /* InHouse */,
				ACEEA6F91DE58AA700FC6054 /* AdHoc */,
			);
			defaultConfigurationIsVisible = 0;
			defaultConfigurationName = Release;
		};
		ACE20B021D97EF00001B4F34 /* Build configuration list for PBXNativeTarget "FLyingSnailTests" */ = {
			isa = XCConfigurationList;
			buildConfigurations = (
				ACE20B031D97EF00001B4F34 /* Debug */,
				ACE20B041D97EF00001B4F34 /* Release */,
				AC1C3B191E70FF2100CBE994 /* PrivateDeploy */,
				ACC5966F1DED55CF00A06FF7 /* InHouse */,
				ACEEA6FA1DE58AA700FC6054 /* AdHoc */,
			);
			defaultConfigurationIsVisible = 0;
			defaultConfigurationName = Release;
		};
		ACE20B051D97EF00001B4F34 /* Build configuration list for PBXNativeTarget "FLyingSnailUITests" */ = {
			isa = XCConfigurationList;
			buildConfigurations = (
				ACE20B061D97EF00001B4F34 /* Debug */,
				ACE20B071D97EF00001B4F34 /* Release */,
				AC1C3B1A1E70FF2100CBE994 /* PrivateDeploy */,
				ACC596701DED55CF00A06FF7 /* InHouse */,
				ACEEA6FB1DE58AA700FC6054 /* AdHoc */,
			);
			defaultConfigurationIsVisible = 0;
			defaultConfigurationName = Release;
		};
/* End XCConfigurationList section */
	};
	rootObject = ACE20ACD1D97EF00001B4F34 /* Project object */;
}
